// !$*UTF8*$!
{
	archiveVersion = 1;
	classes = {
	};
	objectVersion = 46;
	objects = {

/* Begin PBXBuildFile section */
		861679BB1C7AE1B9006AD985 /* InputViewController.swift in Sources */ = {isa = PBXBuildFile; fileRef = 861679BA1C7AE1B9006AD985 /* InputViewController.swift */; };
		861679BD1C7AE33E006AD985 /* resultViewController.swift in Sources */ = {isa = PBXBuildFile; fileRef = 861679BC1C7AE33E006AD985 /* resultViewController.swift */; };
		864CB5E11C758F40003D1FAD /* AppDelegate.swift in Sources */ = {isa = PBXBuildFile; fileRef = 864CB5E01C758F40003D1FAD /* AppDelegate.swift */; };
		864CB5E31C758F40003D1FAD /* ViewController.swift in Sources */ = {isa = PBXBuildFile; fileRef = 864CB5E21C758F40003D1FAD /* ViewController.swift */; };
		864CB5E61C758F40003D1FAD /* Main.storyboard in Resources */ = {isa = PBXBuildFile; fileRef = 864CB5E41C758F40003D1FAD /* Main.storyboard */; };
		864CB5E81C758F40003D1FAD /* Assets.xcassets in Resources */ = {isa = PBXBuildFile; fileRef = 864CB5E71C758F40003D1FAD /* Assets.xcassets */; };
		864CB5EB1C758F40003D1FAD /* LaunchScreen.storyboard in Resources */ = {isa = PBXBuildFile; fileRef = 864CB5E91C758F40003D1FAD /* LaunchScreen.storyboard */; };
/* End PBXBuildFile section */

/* Begin PBXFileReference section */
		861679BA1C7AE1B9006AD985 /* InputViewController.swift */ = {isa = PBXFileReference; fileEncoding = 4; lastKnownFileType = sourcecode.swift; path = InputViewController.swift; sourceTree = "<group>"; };
		861679BC1C7AE33E006AD985 /* resultViewController.swift */ = {isa = PBXFileReference; fileEncoding = 4; lastKnownFileType = sourcecode.swift; path = resultViewController.swift; sourceTree = "<group>"; };
		864CB5DD1C758F40003D1FAD /* Uranai.app */ = {isa = PBXFileReference; explicitFileType = wrapper.application; includeInIndex = 0; path = Uranai.app; sourceTree = BUILT_PRODUCTS_DIR; };
		864CB5E01C758F40003D1FAD /* AppDelegate.swift */ = {isa = PBXFileReference; lastKnownFileType = sourcecode.swift; path = AppDelegate.swift; sourceTree = "<group>"; };
		864CB5E21C758F40003D1FAD /* ViewController.swift */ = {isa = PBXFileReference; lastKnownFileType = sourcecode.swift; path = ViewController.swift; sourceTree = "<group>"; };
		864CB5E51C758F40003D1FAD /* Base */ = {isa = PBXFileReference; lastKnownFileType = file.storyboard; name = Base; path = Base.lproj/Main.storyboard; sourceTree = "<group>"; };
		864CB5E71C758F40003D1FAD /* Assets.xcassets */ = {isa = PBXFileReference; lastKnownFileType = folder.assetcatalog; path = Assets.xcassets; sourceTree = "<group>"; };
		864CB5EA1C758F40003D1FAD /* Base */ = {isa = PBXFileReference; lastKnownFileType = file.storyboard; name = Base; path = Base.lproj/LaunchScreen.storyboard; sourceTree = "<group>"; };
		864CB5EC1C758F40003D1FAD /* Info.plist */ = {isa = PBXFileReference; lastKnownFileType = text.plist.xml; path = Info.plist; sourceTree = "<group>"; };
/* End PBXFileReference section */

/* Begin PBXFrameworksBuildPhase section */
		864CB5DA1C758F40003D1FAD /* Frameworks */ = {
			isa = PBXFrameworksBuildPhase;
			buildActionMask = 2147483647;
			files = (
			);
			runOnlyForDeploymentPostprocessing = 0;
		};
/* End PBXFrameworksBuildPhase section */

/* Begin PBXGroup section */
		864CB5D41C758F40003D1FAD = {
			isa = PBXGroup;
			children = (
				864CB5DF1C758F40003D1FAD /* Uranai */,
				864CB5DE1C758F40003D1FAD /* Products */,
			);
			sourceTree = "<group>";
		};
		864CB5DE1C758F40003D1FAD /* Products */ = {
			isa = PBXGroup;
			children = (
				864CB5DD1C758F40003D1FAD /* Uranai.app */,
			);
			name = Products;
			sourceTree = "<group>";
		};
		864CB5DF1C758F40003D1FAD /* Uranai */ = {
			isa = PBXGroup;
			children = (
				864CB5E01C758F40003D1FAD /* AppDelegate.swift */,
				864CB5E21C758F40003D1FAD /* ViewController.swift */,
				864CB5E41C758F40003D1FAD /* Main.storyboard */,
				864CB5E71C758F40003D1FAD /* Assets.xcassets */,
				864CB5E91C758F40003D1FAD /* LaunchScreen.storyboard */,
				864CB5EC1C758F40003D1FAD /* Info.plist */,
				861679BA1C7AE1B9006AD985 /* InputViewController.swift */,
				861679BC1C7AE33E006AD985 /* resultViewController.swift */,
			);
			path = Uranai;
			sourceTree = "<group>";
		};
/* End PBXGroup section */

/* Begin PBXNativeTarget section */
		864CB5DC1C758F40003D1FAD /* Uranai */ = {
			isa = PBXNativeTarget;
			buildConfigurationList = 864CB5EF1C758F40003D1FAD /* Build configuration list for PBXNativeTarget "Uranai" */;
			buildPhases = (
				864CB5D91C758F40003D1FAD /* Sources */,
				864CB5DA1C758F40003D1FAD /* Frameworks */,
				864CB5DB1C758F40003D1FAD /* Resources */,
			);
			buildRules = (
			);
			dependencies = (
			);
			name = Uranai;
			productName = Uranai;
			productReference = 864CB5DD1C758F40003D1FAD /* Uranai.app */;
			productType = "com.apple.product-type.application";
		};
/* End PBXNativeTarget section */

/* Begin PBXProject section */
		864CB5D51C758F40003D1FAD /* Project object */ = {
			isa = PBXProject;
			attributes = {
				LastSwiftUpdateCheck = 0720;
				LastUpgradeCheck = 0720;
				ORGANIZATIONNAME = moritakuya;
				TargetAttributes = {
					864CB5DC1C758F40003D1FAD = {
						CreatedOnToolsVersion = 7.2;
						DevelopmentTeam = 2BJWQYF92J;
					};
				};
			};
			buildConfigurationList = 864CB5D81C758F40003D1FAD /* Build configuration list for PBXProject "Uranai" */;
			compatibilityVersion = "Xcode 3.2";
			developmentRegion = English;
			hasScannedForEncodings = 0;
			knownRegions = (
				en,
				Base,
			);
			mainGroup = 864CB5D41C758F40003D1FAD;
			productRefGroup = 864CB5DE1C758F40003D1FAD /* Products */;
			projectDirPath = "";
			projectRoot = "";
			targets = (
				864CB5DC1C758F40003D1FAD /* Uranai */,
			);
		};
/* End PBXProject section */

/* Begin PBXResourcesBuildPhase section */
		864CB5DB1C758F40003D1FAD /* Resources */ = {
			isa = PBXResourcesBuildPhase;
			buildActionMask = 2147483647;
			files = (
				864CB5EB1C758F40003D1FAD /* LaunchScreen.storyboard in Resources */,
				864CB5E81C758F40003D1FAD /* Assets.xcassets in Resources */,
				864CB5E61C758F40003D1FAD /* Main.storyboard in Resources */,
			);
			runOnlyForDeploymentPostprocessing = 0;
		};
/* End PBXResourcesBuildPhase section */

/* Begin PBXSourcesBuildPhase section */
		864CB5D91C758F40003D1FAD /* Sources */ = {
			isa = PBXSourcesBuildPhase;
			buildActionMask = 2147483647;
			files = (
				861679BB1C7AE1B9006AD985 /* InputViewController.swift in Sources */,
				864CB5E31C758F40003D1FAD /* ViewController.swift in Sources */,
				864CB5E11C758F40003D1FAD /* AppDelegate.swift in Sources */,
				861679BD1C7AE33E006AD985 /* resultViewController.swift in Sources */,
			);
			runOnlyForDeploymentPostprocessing = 0;
		};
/* End PBXSourcesBuildPhase section */

/* Begin PBXVariantGroup section */
		864CB5E41C758F40003D1FAD /* Main.storyboard */ = {
			isa = PBXVariantGroup;
			children = (
				864CB5E51C758F40003D1FAD /* Base */,
			);
			name = Main.storyboard;
			sourceTree = "<group>";
		};
		864CB5E91C758F40003D1FAD /* LaunchScreen.storyboard */ = {
			isa = PBXVariantGroup;
			children = (
				864CB5EA1C758F40003D1FAD /* Base */,
			);
			name = LaunchScreen.storyboard;
			sourceTree = "<group>";
		};
/* End PBXVariantGroup section */

/* Begin XCBuildConfiguration section */
		864CB5ED1C758F40003D1FAD /* Debug */ = {
			isa = XCBuildConfiguration;
			buildSettings = {
				ALWAYS_SEARCH_USER_PATHS = NO;
				CLANG_CXX_LANGUAGE_STANDARD = "gnu++0x";
				CLANG_CXX_LIBRARY = "libc++";
				CLANG_ENABLE_MODULES = YES;
				CLANG_ENABLE_OBJC_ARC = YES;
				CLANG_WARN_BOOL_CONVERSION = YES;
				CLANG_WARN_CONSTANT_CONVERSION = YES;
				CLANG_WARN_DIRECT_OBJC_ISA_USAGE = YES_ERROR;
				CLANG_WARN_EMPTY_BODY = YES;
				CLANG_WARN_ENUM_CONVERSION = YES;
				CLANG_WARN_INT_CONVERSION = YES;
				CLANG_WARN_OBJC_ROOT_CLASS = YES_ERROR;
				CLANG_WARN_UNREACHABLE_CODE = YES;
				CLANG_WARN__DUPLICATE_METHOD_MATCH = YES;
				"CODE_SIGN_IDENTITY[sdk=iphoneos*]" = "iPhone Developer";
				COPY_PHASE_STRIP = NO;
				DEBUG_INFORMATION_FORMAT = dwarf;
				ENABLE_STRICT_OBJC_MSGSEND = YES;
				ENABLE_TESTABILITY = YES;
				GCC_C_LANGUAGE_STANDARD = gnu99;
				GCC_DYNAMIC_NO_PIC = NO;
				GCC_NO_COMMON_BLOCKS = YES;
				GCC_OPTIMIZATION_LEVEL = 0;
				GCC_PREPROCESSOR_DEFINITIONS = (
					"DEBUG=1",
					"$(inherited)",
				);
				GCC_WARN_64_TO_32_BIT_CONVERSION = YES;
				GCC_WARN_ABOUT_RETURN_TYPE = YES_ERROR;
				GCC_WARN_UNDECLARED_SELECTOR = YES;
				GCC_WARN_UNINITIALIZED_AUTOS = YES_AGGRESSIVE;
				GCC_WARN_UNUSED_FUNCTION = YES;
				GCC_WARN_UNUSED_VARIABLE = YES;
				IPHONEOS_DEPLOYMENT_TARGET = 9.2;
				MTL_ENABLE_DEBUG_INFO = YES;
				ONLY_ACTIVE_ARCH = YES;
				SDKROOT = iphoneos;
				SWIFT_OPTIMIZATION_LEVEL = "-Onone";
			};
			name = Debug;
		};
		864CB5EE1C758F40003D1FAD /* Release */ = {
			isa = XCBuildConfiguration;
			buildSettings = {
				ALWAYS_SEARCH_USER_PATHS = NO;
				CLANG_CXX_LANGUAGE_STANDARD = "gnu++0x";
				CLANG_CXX_LIBRARY = "libc++";
				CLANG_ENABLE_MODULES = YES;
				CLANG_ENABLE_OBJC_ARC = YES;
				CLANG_WARN_BOOL_CONVERSION = YES;
				CLANG_WARN_CONSTANT_CONVERSION = YES;
				CLANG_WARN_DIRECT_OBJC_ISA_USAGE = YES_ERROR;
				CLANG_WARN_EMPTY_BODY = YES;
				CLANG_WARN_ENUM_CONVERSION = YES;
				CLANG_WARN_INT_CONVERSION = YES;
				CLANG_WARN_OBJC_ROOT_CLASS = YES_ERROR;
				CLANG_WARN_UNREACHABLE_CODE = YES;
				CLANG_WARN__DUPLICATE_METHOD_MATCH = YES;
				"CODE_SIGN_IDENTITY[sdk=iphoneos*]" = "iPhone Developer";
				COPY_PHASE_STRIP = NO;
				DEBUG_INFORMATION_FORMAT = "dwarf-with-dsym";
				ENABLE_NS_ASSERTIONS = NO;
				ENABLE_STRICT_OBJC_MSGSEND = YES;
				GCC_C_LANGUAGE_STANDARD = gnu99;
				GCC_NO_COMMON_BLOCKS = YES;
				GCC_WARN_64_TO_32_BIT_CONVERSION = YES;
				GCC_WARN_ABOUT_RETURN_TYPE = YES_ERROR;
				GCC_WARN_UNDECLARED_SELECTOR = YES;
				GCC_WARN_UNINITIALIZED_AUTOS = YES_AGGRESSIVE;
				GCC_WARN_UNUSED_FUNCTION = YES;
				GCC_WARN_UNUSED_VARIABLE = YES;
				IPHONEOS_DEPLOYMENT_TARGET = 9.2;
				MTL_ENABLE_DEBUG_INFO = NO;
				SDKROOT = iphoneos;
				VALIDATE_PRODUCT = YES;
			};
			name = Release;
		};
		864CB5F01C758F40003D1FAD /* Debug */ = {
			isa = XCBuildConfiguration;
			buildSettings = {
				ASSETCATALOG_COMPILER_APPICON_NAME = AppIcon;
				INFOPLIST_FILE = Uranai/Info.plist;
				LD_RUNPATH_SEARCH_PATHS = "$(inherited) @executable_path/Frameworks";
				PRODUCT_BUNDLE_IDENTIFIER = com.takuyamori.Uranai;
				PRODUCT_NAME = "$(TARGET_NAME)";
			};
			name = Debug;
		};
		864CB5F11C758F40003D1FAD /* Release */ = {
			isa = XCBuildConfiguration;
			buildSettings = {
				ASSETCATALOG_COMPILER_APPICON_NAME = AppIcon;
				INFOPLIST_FILE = Uranai/Info.plist;
				LD_RUNPATH_SEARCH_PATHS = "$(inherited) @executable_path/Frameworks";
				PRODUCT_BUNDLE_IDENTIFIER = com.takuyamori.Uranai;
				PRODUCT_NAME = "$(TARGET_NAME)";
			};
			name = Release;
		};
/* End XCBuildConfiguration section */

/* Begin XCConfigurationList section */
		864CB5D81C758F40003D1FAD /* Build configuration list for PBXProject "Uranai" */ = {
			isa = XCConfigurationList;
			buildConfigurations = (
				864CB5ED1C758F40003D1FAD /* Debug */,
				864CB5EE1C758F40003D1FAD /* Release */,
			);
			defaultConfigurationIsVisible = 0;
			defaultConfigurationName = Release;
		};
		864CB5EF1C758F40003D1FAD /* Build configuration list for PBXNativeTarget "Uranai" */ = {
			isa = XCConfigurationList;
			buildConfigurations = (
				864CB5F01C758F40003D1FAD /* Debug */,
				864CB5F11C758F40003D1FAD /* Release */,
			);
			defaultConfigurationIsVisible = 0;
			defaultConfigurationName = Release;
		};
/* End XCConfigurationList section */
	};
	rootObject = 864CB5D51C758F40003D1FAD /* Project object */;
}
