// !$*UTF8*$!
{
	archiveVersion = 1;
	classes = {
	};
	objectVersion = 46;
	objects = {

/* Begin PBXBuildFile section */
		860E16101C915BFC00CFC643 /* bil.PNG in Resources */ = {isa = PBXBuildFile; fileRef = 860E160F1C915BFC00CFC643 /* bil.PNG */; };
		861679BB1C7AE1B9006AD985 /* InputViewController.swift in Sources */ = {isa = PBXBuildFile; fileRef = 861679BA1C7AE1B9006AD985 /* InputViewController.swift */; };
		861679BD1C7AE33E006AD985 /* resultViewController.swift in Sources */ = {isa = PBXBuildFile; fileRef = 861679BC1C7AE33E006AD985 /* resultViewController.swift */; };
		8643DBF31C8572E60097D8A4 /* ain.jpeg in Resources */ = {isa = PBXBuildFile; fileRef = 8643DBF21C8572E60097D8A4 /* ain.jpeg */; };
		8643DBF51C8573150097D8A4 /* jobu.jpeg in Resources */ = {isa = PBXBuildFile; fileRef = 8643DBF41C8573150097D8A4 /* jobu.jpeg */; };
		8643DBF71C85732D0097D8A4 /* bafetto.jpeg in Resources */ = {isa = PBXBuildFile; fileRef = 8643DBF61C85732D0097D8A4 /* bafetto.jpeg */; };
		8643DBFB1C85734B0097D8A4 /* disney.png in Resources */ = {isa = PBXBuildFile; fileRef = 8643DBFA1C85734B0097D8A4 /* disney.png */; };
		8643DBFD1C85735E0097D8A4 /* elon.jpeg in Resources */ = {isa = PBXBuildFile; fileRef = 8643DBFC1C85735E0097D8A4 /* elon.jpeg */; };
		8643DBFF1C8573660097D8A4 /* matsusita.jpeg in Resources */ = {isa = PBXBuildFile; fileRef = 8643DBFE1C8573660097D8A4 /* matsusita.jpeg */; };
		8643DC011C8573700097D8A4 /* olacle.jpeg in Resources */ = {isa = PBXBuildFile; fileRef = 8643DC001C8573700097D8A4 /* olacle.jpeg */; };
		8643DC031C8573790097D8A4 /* son.jpeg in Resources */ = {isa = PBXBuildFile; fileRef = 8643DC021C8573790097D8A4 /* son.jpeg */; };
		8643DC051C8573820097D8A4 /* yanai.jpeg in Resources */ = {isa = PBXBuildFile; fileRef = 8643DC041C8573820097D8A4 /* yanai.jpeg */; };
		8643DC071C8577400097D8A4 /* son2.jpeg in Resources */ = {isa = PBXBuildFile; fileRef = 8643DC061C8577400097D8A4 /* son2.jpeg */; };
		8643DC091C8590690097D8A4 /* uranaiViewController.swift in Sources */ = {isa = PBXBuildFile; fileRef = 8643DC081C8590690097D8A4 /* uranaiViewController.swift */; };
		864CB5E11C758F40003D1FAD /* AppDelegate.swift in Sources */ = {isa = PBXBuildFile; fileRef = 864CB5E01C758F40003D1FAD /* AppDelegate.swift */; };
		864CB5E31C758F40003D1FAD /* ViewController.swift in Sources */ = {isa = PBXBuildFile; fileRef = 864CB5E21C758F40003D1FAD /* ViewController.swift */; };
		864CB5E61C758F40003D1FAD /* Main.storyboard in Resources */ = {isa = PBXBuildFile; fileRef = 864CB5E41C758F40003D1FAD /* Main.storyboard */; };
		864CB5E81C758F40003D1FAD /* Assets.xcassets in Resources */ = {isa = PBXBuildFile; fileRef = 864CB5E71C758F40003D1FAD /* Assets.xcassets */; };
		864CB5EB1C758F40003D1FAD /* LaunchScreen.storyboard in Resources */ = {isa = PBXBuildFile; fileRef = 864CB5E91C758F40003D1FAD /* LaunchScreen.storyboard */; };
		866B47461C897A040071DA5D /* carnegie.jpeg in Resources */ = {isa = PBXBuildFile; fileRef = 866B47451C897A040071DA5D /* carnegie.jpeg */; };
		866B474A1C897A250071DA5D /* Branson.jpg in Resources */ = {isa = PBXBuildFile; fileRef = 866B47481C897A250071DA5D /* Branson.jpg */; };
		866B475D1C897A850071DA5D /* amazon.jpeg in Resources */ = {isa = PBXBuildFile; fileRef = 866B474B1C897A850071DA5D /* amazon.jpeg */; };
		866B475E1C897A850071DA5D /* aribaba.jpeg in Resources */ = {isa = PBXBuildFile; fileRef = 866B474C1C897A850071DA5D /* aribaba.jpeg */; };
		866B475F1C897A850071DA5D /* Assets.xcassets in Resources */ = {isa = PBXBuildFile; fileRef = 866B474D1C897A850071DA5D /* Assets.xcassets */; };
		866B47601C897A850071DA5D /* Base.lproj in Resources */ = {isa = PBXBuildFile; fileRef = 866B474E1C897A850071DA5D /* Base.lproj */; };
		866B47621C897A850071DA5D /* charls cork.jpg in Resources */ = {isa = PBXBuildFile; fileRef = 866B47501C897A850071DA5D /* charls cork.jpg */; };
		866B47631C897A850071DA5D /* ejison.jpg in Resources */ = {isa = PBXBuildFile; fileRef = 866B47511C897A850071DA5D /* ejison.jpg */; };
		866B47641C897A850071DA5D /* facebook.jpeg in Resources */ = {isa = PBXBuildFile; fileRef = 866B47521C897A850071DA5D /* facebook.jpeg */; };
		866B47651C897A850071DA5D /* ford.jpeg in Resources */ = {isa = PBXBuildFile; fileRef = 866B47531C897A850071DA5D /* ford.jpeg */; };
		866B47661C897A850071DA5D /* inamori.jpeg in Resources */ = {isa = PBXBuildFile; fileRef = 866B47541C897A850071DA5D /* inamori.jpeg */; };
		866B47671C897A850071DA5D /* jackson.jpeg in Resources */ = {isa = PBXBuildFile; fileRef = 866B47551C897A850071DA5D /* jackson.jpeg */; };
		866B47681C897A850071DA5D /* John_D._Rockefeller_1885.jpg in Resources */ = {isa = PBXBuildFile; fileRef = 866B47561C897A850071DA5D /* John_D._Rockefeller_1885.jpg */; };
		866B47691C897A850071DA5D /* Line.jpg in Resources */ = {isa = PBXBuildFile; fileRef = 866B47571C897A850071DA5D /* Line.jpg */; };
		866B476A1C897A850071DA5D /* mikitani.jpeg in Resources */ = {isa = PBXBuildFile; fileRef = 866B47581C897A850071DA5D /* mikitani.jpeg */; };
		866B476B1C897A850071DA5D /* nikoratesura.jpg in Resources */ = {isa = PBXBuildFile; fileRef = 866B47591C897A850071DA5D /* nikoratesura.jpg */; };
		866B476C1C897A850071DA5D /* rally.jpeg in Resources */ = {isa = PBXBuildFile; fileRef = 866B475A1C897A850071DA5D /* rally.jpeg */; };
		866B476D1C897A850071DA5D /* yamanaka.jpeg in Resources */ = {isa = PBXBuildFile; fileRef = 866B475B1C897A850071DA5D /* yamanaka.jpeg */; };
		866B476E1C897A850071DA5D /* zara.jpg in Resources */ = {isa = PBXBuildFile; fileRef = 866B475C1C897A850071DA5D /* zara.jpg */; };
		866B47701C899DC00071DA5D /* yunikuro.jpg in Resources */ = {isa = PBXBuildFile; fileRef = 866B476F1C899DC00071DA5D /* yunikuro.jpg */; };
		866B47721C899F500071DA5D /* oracl.jpg in Resources */ = {isa = PBXBuildFile; fileRef = 866B47711C899F500071DA5D /* oracl.jpg */; };
		866B479A1C8DE4C80071DA5D /* DISNEY.jpg in Resources */ = {isa = PBXBuildFile; fileRef = 866B47991C8DE4C80071DA5D /* DISNEY.jpg */; };
		86742A751C97D1B300CDB4D3 /* omote.png in Resources */ = {isa = PBXBuildFile; fileRef = 86742A741C97D1B300CDB4D3 /* omote.png */; };
/* End PBXBuildFile section */

/* Begin PBXFileReference section */
		860E160F1C915BFC00CFC643 /* bil.PNG */ = {isa = PBXFileReference; lastKnownFileType = image.png; path = bil.PNG; sourceTree = "<group>"; };
		861679BA1C7AE1B9006AD985 /* InputViewController.swift */ = {isa = PBXFileReference; fileEncoding = 4; lastKnownFileType = sourcecode.swift; path = InputViewController.swift; sourceTree = "<group>"; };
		861679BC1C7AE33E006AD985 /* resultViewController.swift */ = {isa = PBXFileReference; fileEncoding = 4; lastKnownFileType = sourcecode.swift; path = resultViewController.swift; sourceTree = "<group>"; };
		8643DBF21C8572E60097D8A4 /* ain.jpeg */ = {isa = PBXFileReference; lastKnownFileType = image.jpeg; path = ain.jpeg; sourceTree = "<group>"; };
		8643DBF41C8573150097D8A4 /* jobu.jpeg */ = {isa = PBXFileReference; lastKnownFileType = image.jpeg; path = jobu.jpeg; sourceTree = "<group>"; };
		8643DBF61C85732D0097D8A4 /* bafetto.jpeg */ = {isa = PBXFileReference; lastKnownFileType = image.jpeg; path = bafetto.jpeg; sourceTree = "<group>"; };
		8643DBFA1C85734B0097D8A4 /* disney.png */ = {isa = PBXFileReference; lastKnownFileType = image.png; path = disney.png; sourceTree = "<group>"; };
		8643DBFC1C85735E0097D8A4 /* elon.jpeg */ = {isa = PBXFileReference; lastKnownFileType = image.jpeg; path = elon.jpeg; sourceTree = "<group>"; };
		8643DBFE1C8573660097D8A4 /* matsusita.jpeg */ = {isa = PBXFileReference; lastKnownFileType = image.jpeg; path = matsusita.jpeg; sourceTree = "<group>"; };
		8643DC001C8573700097D8A4 /* olacle.jpeg */ = {isa = PBXFileReference; lastKnownFileType = image.jpeg; path = olacle.jpeg; sourceTree = "<group>"; };
		8643DC021C8573790097D8A4 /* son.jpeg */ = {isa = PBXFileReference; lastKnownFileType = image.jpeg; path = son.jpeg; sourceTree = "<group>"; };
		8643DC041C8573820097D8A4 /* yanai.jpeg */ = {isa = PBXFileReference; lastKnownFileType = image.jpeg; path = yanai.jpeg; sourceTree = "<group>"; };
		8643DC061C8577400097D8A4 /* son2.jpeg */ = {isa = PBXFileReference; lastKnownFileType = image.jpeg; path = son2.jpeg; sourceTree = "<group>"; };
		8643DC081C8590690097D8A4 /* uranaiViewController.swift */ = {isa = PBXFileReference; fileEncoding = 4; lastKnownFileType = sourcecode.swift; path = uranaiViewController.swift; sourceTree = "<group>"; };
		864CB5DD1C758F40003D1FAD /* Uranai.app */ = {isa = PBXFileReference; explicitFileType = wrapper.application; includeInIndex = 0; path = Uranai.app; sourceTree = BUILT_PRODUCTS_DIR; };
		864CB5E01C758F40003D1FAD /* AppDelegate.swift */ = {isa = PBXFileReference; lastKnownFileType = sourcecode.swift; path = AppDelegate.swift; sourceTree = "<group>"; };
		864CB5E21C758F40003D1FAD /* ViewController.swift */ = {isa = PBXFileReference; lastKnownFileType = sourcecode.swift; path = ViewController.swift; sourceTree = "<group>"; };
		864CB5E51C758F40003D1FAD /* Base */ = {isa = PBXFileReference; lastKnownFileType = file.storyboard; name = Base; path = Base.lproj/Main.storyboard; sourceTree = "<group>"; };
		864CB5E71C758F40003D1FAD /* Assets.xcassets */ = {isa = PBXFileReference; lastKnownFileType = folder.assetcatalog; path = Assets.xcassets; sourceTree = "<group>"; };
		864CB5EA1C758F40003D1FAD /* Base */ = {isa = PBXFileReference; lastKnownFileType = file.storyboard; name = Base; path = Base.lproj/LaunchScreen.storyboard; sourceTree = "<group>"; };
		864CB5EC1C758F40003D1FAD /* Info.plist */ = {isa = PBXFileReference; lastKnownFileType = text.plist.xml; path = Info.plist; sourceTree = "<group>"; };
		866B47451C897A040071DA5D /* carnegie.jpeg */ = {isa = PBXFileReference; lastKnownFileType = image.jpeg; path = carnegie.jpeg; sourceTree = "<group>"; };
		866B47481C897A250071DA5D /* Branson.jpg */ = {isa = PBXFileReference; lastKnownFileType = image.jpeg; path = Branson.jpg; sourceTree = "<group>"; };
		866B474B1C897A850071DA5D /* amazon.jpeg */ = {isa = PBXFileReference; lastKnownFileType = image.jpeg; path = amazon.jpeg; sourceTree = "<group>"; };
		866B474C1C897A850071DA5D /* aribaba.jpeg */ = {isa = PBXFileReference; lastKnownFileType = image.jpeg; path = aribaba.jpeg; sourceTree = "<group>"; };
		866B474D1C897A850071DA5D /* Assets.xcassets */ = {isa = PBXFileReference; lastKnownFileType = folder.assetcatalog; path = Assets.xcassets; sourceTree = "<group>"; };
		866B474E1C897A850071DA5D /* Base.lproj */ = {isa = PBXFileReference; lastKnownFileType = folder; path = Base.lproj; sourceTree = "<group>"; };
		866B47501C897A850071DA5D /* charls cork.jpg */ = {isa = PBXFileReference; lastKnownFileType = image.jpeg; path = "charls cork.jpg"; sourceTree = "<group>"; };
		866B47511C897A850071DA5D /* ejison.jpg */ = {isa = PBXFileReference; lastKnownFileType = image.jpeg; path = ejison.jpg; sourceTree = "<group>"; };
		866B47521C897A850071DA5D /* facebook.jpeg */ = {isa = PBXFileReference; lastKnownFileType = image.jpeg; path = facebook.jpeg; sourceTree = "<group>"; };
		866B47531C897A850071DA5D /* ford.jpeg */ = {isa = PBXFileReference; lastKnownFileType = image.jpeg; path = ford.jpeg; sourceTree = "<group>"; };
		866B47541C897A850071DA5D /* inamori.jpeg */ = {isa = PBXFileReference; lastKnownFileType = image.jpeg; path = inamori.jpeg; sourceTree = "<group>"; };
		866B47551C897A850071DA5D /* jackson.jpeg */ = {isa = PBXFileReference; lastKnownFileType = image.jpeg; path = jackson.jpeg; sourceTree = "<group>"; };
		866B47561C897A850071DA5D /* John_D._Rockefeller_1885.jpg */ = {isa = PBXFileReference; lastKnownFileType = image.jpeg; path = John_D._Rockefeller_1885.jpg; sourceTree = "<group>"; };
		866B47571C897A850071DA5D /* Line.jpg */ = {isa = PBXFileReference; lastKnownFileType = image.jpeg; path = Line.jpg; sourceTree = "<group>"; };
		866B47581C897A850071DA5D /* mikitani.jpeg */ = {isa = PBXFileReference; lastKnownFileType = image.jpeg; path = mikitani.jpeg; sourceTree = "<group>"; };
		866B47591C897A850071DA5D /* nikoratesura.jpg */ = {isa = PBXFileReference; lastKnownFileType = image.jpeg; path = nikoratesura.jpg; sourceTree = "<group>"; };
		866B475A1C897A850071DA5D /* rally.jpeg */ = {isa = PBXFileReference; lastKnownFileType = image.jpeg; path = rally.jpeg; sourceTree = "<group>"; };
		866B475B1C897A850071DA5D /* yamanaka.jpeg */ = {isa = PBXFileReference; lastKnownFileType = image.jpeg; path = yamanaka.jpeg; sourceTree = "<group>"; };
		866B475C1C897A850071DA5D /* zara.jpg */ = {isa = PBXFileReference; lastKnownFileType = image.jpeg; path = zara.jpg; sourceTree = "<group>"; };
		866B476F1C899DC00071DA5D /* yunikuro.jpg */ = {isa = PBXFileReference; lastKnownFileType = image.jpeg; path = yunikuro.jpg; sourceTree = "<group>"; };
		866B47711C899F500071DA5D /* oracl.jpg */ = {isa = PBXFileReference; lastKnownFileType = image.jpeg; path = oracl.jpg; sourceTree = "<group>"; };
		866B47991C8DE4C80071DA5D /* DISNEY.jpg */ = {isa = PBXFileReference; lastKnownFileType = image.jpeg; path = DISNEY.jpg; sourceTree = "<group>"; };
		86742A741C97D1B300CDB4D3 /* omote.png */ = {isa = PBXFileReference; lastKnownFileType = image.png; path = omote.png; sourceTree = "<group>"; };
/* End PBXFileReference section */

/* Begin PBXFrameworksBuildPhase section */
		864CB5DA1C758F40003D1FAD /* Frameworks */ = {
			isa = PBXFrameworksBuildPhase;
			buildActionMask = 2147483647;
			files = (
			);
			runOnlyForDeploymentPostprocessing = 0;
		};
/* End PBXFrameworksBuildPhase section */

/* Begin PBXGroup section */
		864CB5D41C758F40003D1FAD = {
			isa = PBXGroup;
			children = (
				864CB5DF1C758F40003D1FAD /* Uranai */,
				864CB5DE1C758F40003D1FAD /* Products */,
			);
			sourceTree = "<group>";
		};
		864CB5DE1C758F40003D1FAD /* Products */ = {
			isa = PBXGroup;
			children = (
				864CB5DD1C758F40003D1FAD /* Uranai.app */,
			);
			name = Products;
			sourceTree = "<group>";
		};
		864CB5DF1C758F40003D1FAD /* Uranai */ = {
			isa = PBXGroup;
			children = (
				866B47711C899F500071DA5D /* oracl.jpg */,
				866B476F1C899DC00071DA5D /* yunikuro.jpg */,
				866B474B1C897A850071DA5D /* amazon.jpeg */,
				866B474C1C897A850071DA5D /* aribaba.jpeg */,
				866B474D1C897A850071DA5D /* Assets.xcassets */,
				866B474E1C897A850071DA5D /* Base.lproj */,
				866B47991C8DE4C80071DA5D /* DISNEY.jpg */,
				866B47501C897A850071DA5D /* charls cork.jpg */,
				866B47511C897A850071DA5D /* ejison.jpg */,
				866B47521C897A850071DA5D /* facebook.jpeg */,
				860E160F1C915BFC00CFC643 /* bil.PNG */,
				86742A741C97D1B300CDB4D3 /* omote.png */,
				866B47531C897A850071DA5D /* ford.jpeg */,
				866B47541C897A850071DA5D /* inamori.jpeg */,
				866B47551C897A850071DA5D /* jackson.jpeg */,
				866B47561C897A850071DA5D /* John_D._Rockefeller_1885.jpg */,
				866B47571C897A850071DA5D /* Line.jpg */,
				866B47581C897A850071DA5D /* mikitani.jpeg */,
				866B47591C897A850071DA5D /* nikoratesura.jpg */,
				866B475A1C897A850071DA5D /* rally.jpeg */,
				866B475B1C897A850071DA5D /* yamanaka.jpeg */,
				866B475C1C897A850071DA5D /* zara.jpg */,
				866B47481C897A250071DA5D /* Branson.jpg */,
				866B47451C897A040071DA5D /* carnegie.jpeg */,
				8643DBF61C85732D0097D8A4 /* bafetto.jpeg */,
				8643DC061C8577400097D8A4 /* son2.jpeg */,
				8643DC041C8573820097D8A4 /* yanai.jpeg */,
				8643DC001C8573700097D8A4 /* olacle.jpeg */,
				8643DBFC1C85735E0097D8A4 /* elon.jpeg */,
				8643DBFE1C8573660097D8A4 /* matsusita.jpeg */,
				8643DBFA1C85734B0097D8A4 /* disney.png */,
				8643DC021C8573790097D8A4 /* son.jpeg */,
				8643DBF21C8572E60097D8A4 /* ain.jpeg */,
				8643DBF41C8573150097D8A4 /* jobu.jpeg */,
				864CB5E01C758F40003D1FAD /* AppDelegate.swift */,
				864CB5E21C758F40003D1FAD /* ViewController.swift */,
				864CB5E41C758F40003D1FAD /* Main.storyboard */,
				864CB5E71C758F40003D1FAD /* Assets.xcassets */,
				864CB5E91C758F40003D1FAD /* LaunchScreen.storyboard */,
				864CB5EC1C758F40003D1FAD /* Info.plist */,
				861679BA1C7AE1B9006AD985 /* InputViewController.swift */,
				861679BC1C7AE33E006AD985 /* resultViewController.swift */,
				8643DC081C8590690097D8A4 /* uranaiViewController.swift */,
			);
			path = Uranai;
			sourceTree = "<group>";
		};
/* End PBXGroup section */

/* Begin PBXNativeTarget section */
		864CB5DC1C758F40003D1FAD /* Uranai */ = {
			isa = PBXNativeTarget;
			buildConfigurationList = 864CB5EF1C758F40003D1FAD /* Build configuration list for PBXNativeTarget "Uranai" */;
			buildPhases = (
				864CB5D91C758F40003D1FAD /* Sources */,
				864CB5DA1C758F40003D1FAD /* Frameworks */,
				864CB5DB1C758F40003D1FAD /* Resources */,
			);
			buildRules = (
			);
			dependencies = (
			);
			name = Uranai;
			productName = Uranai;
			productReference = 864CB5DD1C758F40003D1FAD /* Uranai.app */;
			productType = "com.apple.product-type.application";
		};
/* End PBXNativeTarget section */

/* Begin PBXProject section */
		864CB5D51C758F40003D1FAD /* Project object */ = {
			isa = PBXProject;
			attributes = {
				LastSwiftUpdateCheck = 0720;
				LastUpgradeCheck = 0720;
				ORGANIZATIONNAME = moritakuya;
				TargetAttributes = {
					864CB5DC1C758F40003D1FAD = {
						CreatedOnToolsVersion = 7.2;
						DevelopmentTeam = 2BJWQYF92J;
					};
				};
			};
			buildConfigurationList = 864CB5D81C758F40003D1FAD /* Build configuration list for PBXProject "Uranai" */;
			compatibilityVersion = "Xcode 3.2";
			developmentRegion = English;
			hasScannedForEncodings = 0;
			knownRegions = (
				en,
				Base,
			);
			mainGroup = 864CB5D41C758F40003D1FAD;
			productRefGroup = 864CB5DE1C758F40003D1FAD /* Products */;
			projectDirPath = "";
			projectRoot = "";
			targets = (
				864CB5DC1C758F40003D1FAD /* Uranai */,
			);
		};
/* End PBXProject section */

/* Begin PBXResourcesBuildPhase section */
		864CB5DB1C758F40003D1FAD /* Resources */ = {
			isa = PBXResourcesBuildPhase;
			buildActionMask = 2147483647;
			files = (
				8643DBF31C8572E60097D8A4 /* ain.jpeg in Resources */,
				866B47601C897A850071DA5D /* Base.lproj in Resources */,
				8643DC071C8577400097D8A4 /* son2.jpeg in Resources */,
				8643DBFB1C85734B0097D8A4 /* disney.png in Resources */,
				866B476C1C897A850071DA5D /* rally.jpeg in Resources */,
				864CB5EB1C758F40003D1FAD /* LaunchScreen.storyboard in Resources */,
				8643DBF51C8573150097D8A4 /* jobu.jpeg in Resources */,
				866B47661C897A850071DA5D /* inamori.jpeg in Resources */,
				864CB5E81C758F40003D1FAD /* Assets.xcassets in Resources */,
				866B475E1C897A850071DA5D /* aribaba.jpeg in Resources */,
				866B47681C897A850071DA5D /* John_D._Rockefeller_1885.jpg in Resources */,
				866B47651C897A850071DA5D /* ford.jpeg in Resources */,
				866B47461C897A040071DA5D /* carnegie.jpeg in Resources */,
				866B47701C899DC00071DA5D /* yunikuro.jpg in Resources */,
				866B47631C897A850071DA5D /* ejison.jpg in Resources */,
				8643DBFF1C8573660097D8A4 /* matsusita.jpeg in Resources */,
				86742A751C97D1B300CDB4D3 /* omote.png in Resources */,
				866B47671C897A850071DA5D /* jackson.jpeg in Resources */,
				866B476A1C897A850071DA5D /* mikitani.jpeg in Resources */,
				8643DBFD1C85735E0097D8A4 /* elon.jpeg in Resources */,
				866B47691C897A850071DA5D /* Line.jpg in Resources */,
				866B479A1C8DE4C80071DA5D /* DISNEY.jpg in Resources */,
				866B47721C899F500071DA5D /* oracl.jpg in Resources */,
				866B476E1C897A850071DA5D /* zara.jpg in Resources */,
				866B47641C897A850071DA5D /* facebook.jpeg in Resources */,
				8643DC031C8573790097D8A4 /* son.jpeg in Resources */,
				866B476B1C897A850071DA5D /* nikoratesura.jpg in Resources */,
				866B474A1C897A250071DA5D /* Branson.jpg in Resources */,
				866B475F1C897A850071DA5D /* Assets.xcassets in Resources */,
				866B47621C897A850071DA5D /* charls cork.jpg in Resources */,
				866B475D1C897A850071DA5D /* amazon.jpeg in Resources */,
				8643DC011C8573700097D8A4 /* olacle.jpeg in Resources */,
				864CB5E61C758F40003D1FAD /* Main.storyboard in Resources */,
				8643DC051C8573820097D8A4 /* yanai.jpeg in Resources */,
				860E16101C915BFC00CFC643 /* bil.PNG in Resources */,
				866B476D1C897A850071DA5D /* yamanaka.jpeg in Resources */,
				8643DBF71C85732D0097D8A4 /* bafetto.jpeg in Resources */,
			);
			runOnlyForDeploymentPostprocessing = 0;
		};
/* End PBXResourcesBuildPhase section */

/* Begin PBXSourcesBuildPhase section */
		864CB5D91C758F40003D1FAD /* Sources */ = {
			isa = PBXSourcesBuildPhase;
			buildActionMask = 2147483647;
			files = (
				861679BB1C7AE1B9006AD985 /* InputViewController.swift in Sources */,
				864CB5E31C758F40003D1FAD /* ViewController.swift in Sources */,
				864CB5E11C758F40003D1FAD /* AppDelegate.swift in Sources */,
				861679BD1C7AE33E006AD985 /* resultViewController.swift in Sources */,
				8643DC091C8590690097D8A4 /* uranaiViewController.swift in Sources */,
			);
			runOnlyForDeploymentPostprocessing = 0;
		};
/* End PBXSourcesBuildPhase section */

/* Begin PBXVariantGroup section */
		864CB5E41C758F40003D1FAD /* Main.storyboard */ = {
			isa = PBXVariantGroup;
			children = (
				864CB5E51C758F40003D1FAD /* Base */,
			);
			name = Main.storyboard;
			sourceTree = "<group>";
		};
		864CB5E91C758F40003D1FAD /* LaunchScreen.storyboard */ = {
			isa = PBXVariantGroup;
			children = (
				864CB5EA1C758F40003D1FAD /* Base */,
			);
			name = LaunchScreen.storyboard;
			sourceTree = "<group>";
		};
/* End PBXVariantGroup section */

/* Begin XCBuildConfiguration section */
		864CB5ED1C758F40003D1FAD /* Debug */ = {
			isa = XCBuildConfiguration;
			buildSettings = {
				ALWAYS_SEARCH_USER_PATHS = NO;
				CLANG_CXX_LANGUAGE_STANDARD = "gnu++0x";
				CLANG_CXX_LIBRARY = "libc++";
				CLANG_ENABLE_MODULES = YES;
				CLANG_ENABLE_OBJC_ARC = YES;
				CLANG_WARN_BOOL_CONVERSION = YES;
				CLANG_WARN_CONSTANT_CONVERSION = YES;
				CLANG_WARN_DIRECT_OBJC_ISA_USAGE = YES_ERROR;
				CLANG_WARN_EMPTY_BODY = YES;
				CLANG_WARN_ENUM_CONVERSION = YES;
				CLANG_WARN_INT_CONVERSION = YES;
				CLANG_WARN_OBJC_ROOT_CLASS = YES_ERROR;
				CLANG_WARN_UNREACHABLE_CODE = YES;
				CLANG_WARN__DUPLICATE_METHOD_MATCH = YES;
				"CODE_SIGN_IDENTITY[sdk=iphoneos*]" = "iPhone Developer";
				COPY_PHASE_STRIP = NO;
				DEBUG_INFORMATION_FORMAT = dwarf;
				ENABLE_STRICT_OBJC_MSGSEND = YES;
				ENABLE_TESTABILITY = YES;
				GCC_C_LANGUAGE_STANDARD = gnu99;
				GCC_DYNAMIC_NO_PIC = NO;
				GCC_NO_COMMON_BLOCKS = YES;
				GCC_OPTIMIZATION_LEVEL = 0;
				GCC_PREPROCESSOR_DEFINITIONS = (
					"DEBUG=1",
					"$(inherited)",
				);
				GCC_WARN_64_TO_32_BIT_CONVERSION = YES;
				GCC_WARN_ABOUT_RETURN_TYPE = YES_ERROR;
				GCC_WARN_UNDECLARED_SELECTOR = YES;
				GCC_WARN_UNINITIALIZED_AUTOS = YES_AGGRESSIVE;
				GCC_WARN_UNUSED_FUNCTION = YES;
				GCC_WARN_UNUSED_VARIABLE = YES;
				IPHONEOS_DEPLOYMENT_TARGET = 9.2;
				MTL_ENABLE_DEBUG_INFO = YES;
				ONLY_ACTIVE_ARCH = YES;
				SDKROOT = iphoneos;
				SWIFT_OPTIMIZATION_LEVEL = "-Onone";
			};
			name = Debug;
		};
		864CB5EE1C758F40003D1FAD /* Release */ = {
			isa = XCBuildConfiguration;
			buildSettings = {
				ALWAYS_SEARCH_USER_PATHS = NO;
				CLANG_CXX_LANGUAGE_STANDARD = "gnu++0x";
				CLANG_CXX_LIBRARY = "libc++";
				CLANG_ENABLE_MODULES = YES;
				CLANG_ENABLE_OBJC_ARC = YES;
				CLANG_WARN_BOOL_CONVERSION = YES;
				CLANG_WARN_CONSTANT_CONVERSION = YES;
				CLANG_WARN_DIRECT_OBJC_ISA_USAGE = YES_ERROR;
				CLANG_WARN_EMPTY_BODY = YES;
				CLANG_WARN_ENUM_CONVERSION = YES;
				CLANG_WARN_INT_CONVERSION = YES;
				CLANG_WARN_OBJC_ROOT_CLASS = YES_ERROR;
				CLANG_WARN_UNREACHABLE_CODE = YES;
				CLANG_WARN__DUPLICATE_METHOD_MATCH = YES;
				"CODE_SIGN_IDENTITY[sdk=iphoneos*]" = "iPhone Developer";
				COPY_PHASE_STRIP = NO;
				DEBUG_INFORMATION_FORMAT = "dwarf-with-dsym";
				ENABLE_NS_ASSERTIONS = NO;
				ENABLE_STRICT_OBJC_MSGSEND = YES;
				GCC_C_LANGUAGE_STANDARD = gnu99;
				GCC_NO_COMMON_BLOCKS = YES;
				GCC_WARN_64_TO_32_BIT_CONVERSION = YES;
				GCC_WARN_ABOUT_RETURN_TYPE = YES_ERROR;
				GCC_WARN_UNDECLARED_SELECTOR = YES;
				GCC_WARN_UNINITIALIZED_AUTOS = YES_AGGRESSIVE;
				GCC_WARN_UNUSED_FUNCTION = YES;
				GCC_WARN_UNUSED_VARIABLE = YES;
				IPHONEOS_DEPLOYMENT_TARGET = 9.2;
				MTL_ENABLE_DEBUG_INFO = NO;
				SDKROOT = iphoneos;
				VALIDATE_PRODUCT = YES;
			};
			name = Release;
		};
		864CB5F01C758F40003D1FAD /* Debug */ = {
			isa = XCBuildConfiguration;
			buildSettings = {
				ASSETCATALOG_COMPILER_APPICON_NAME = AppIcon;
				INFOPLIST_FILE = Uranai/Info.plist;
				LD_RUNPATH_SEARCH_PATHS = "$(inherited) @executable_path/Frameworks";
				PRODUCT_BUNDLE_IDENTIFIER = com.takuyamori.Uranai;
				PRODUCT_NAME = "$(TARGET_NAME)";
			};
			name = Debug;
		};
		864CB5F11C758F40003D1FAD /* Release */ = {
			isa = XCBuildConfiguration;
			buildSettings = {
				ASSETCATALOG_COMPILER_APPICON_NAME = AppIcon;
				INFOPLIST_FILE = Uranai/Info.plist;
				LD_RUNPATH_SEARCH_PATHS = "$(inherited) @executable_path/Frameworks";
				PRODUCT_BUNDLE_IDENTIFIER = com.takuyamori.Uranai;
				PRODUCT_NAME = "$(TARGET_NAME)";
			};
			name = Release;
		};
/* End XCBuildConfiguration section */

/* Begin XCConfigurationList section */
		864CB5D81C758F40003D1FAD /* Build configuration list for PBXProject "Uranai" */ = {
			isa = XCConfigurationList;
			buildConfigurations = (
				864CB5ED1C758F40003D1FAD /* Debug */,
				864CB5EE1C758F40003D1FAD /* Release */,
			);
			defaultConfigurationIsVisible = 0;
			defaultConfigurationName = Release;
		};
		864CB5EF1C758F40003D1FAD /* Build configuration list for PBXNativeTarget "Uranai" */ = {
			isa = XCConfigurationList;
			buildConfigurations = (
				864CB5F01C758F40003D1FAD /* Debug */,
				864CB5F11C758F40003D1FAD /* Release */,
			);
			defaultConfigurationIsVisible = 0;
			defaultConfigurationName = Release;
		};
/* End XCConfigurationList section */
	};
	rootObject = 864CB5D51C758F40003D1FAD /* Project object */;
}
